{
  "version": 4,
  "terraform_version": "1.13.4",
  "serial": 6,
  "lineage": "cdd6d4d7-2dfa-a88b-b49f-77b02bf332d4",
  "outputs": {},
  "resources": [
    {
      "mode": "managed",
      "type": "docker_image",
      "name": "alpine_image",
      "provider": "provider[\"registry.terraform.io/kreuzwerker/docker\"]",
      "instances": [
        {
          "schema_version": 0,
          "attributes": {
            "build": [],
            "force_remove": null,
            "id": "sha256:706db57fb2063f39f69632c5b5c9c439633fda35110e65587c5d85553fd1cc38alpine:latest",
            "image_id": "sha256:706db57fb2063f39f69632c5b5c9c439633fda35110e65587c5d85553fd1cc38",
            "keep_locally": null,
            "name": "alpine:latest",
            "platform": null,
            "pull_triggers": null,
            "repo_digest": "alpine@sha256:4b7ce07002c69e8f3d704a9c5d6fd3053be500b7f1c69fc0d80990c2ad8dd412",
            "triggers": null
          },
          "sensitive_attributes": [],
          "identity_schema_version": 0,
          "private": "bnVsbA=="
        }
      ]
    }
  ],
  "check_results": null
}
